
Microsoft Visual Studio Solution File, Format Version 12.00
# Visual Studio 15
VisualStudioVersion = 15.0.28010.2046
MinimumVisualStudioVersion = 10.0.40219.1
Project("{FAE04EC0-301F-11D3-BF4B-00C04F79EFBC}") = "Pressure_Calibrate_Tool", "Pressure_Calibrate_Tool\Pressure_Calibrate_Tool.csproj", "{A72F86B2-49D9-4716-9CB8-6BA6B33F9503}"
EndProject
Project("{54435603-DBB4-11D2-8724-00A0C9A8B90C}") = "Pressure_calibrate_tool_setup", "..\..\..\..\..\VS_Projects\Pressure_calibrate_tool_setup\Pressure_calibrate_tool_setup\Pressure_calibrate_tool_setup.vdproj", "{3FC042E5-AFE2-40A4-B75A-B5791BC7AAF9}"
EndProject
Global
	GlobalSection(SolutionConfigurationPlatforms) = preSolution
		Debug|Any CPU = Debug|Any CPU
		Release|Any CPU = Release|Any CPU
	EndGlobalSection
	GlobalSection(ProjectConfigurationPlatforms) = postSolution
		{A72F86B2-49D9-4716-9CB8-6BA6B33F9503}.Debug|Any CPU.ActiveCfg = Debug|Any CPU
		{A72F86B2-49D9-4716-9CB8-6BA6B33F9503}.Debug|Any CPU.Build.0 = Debug|Any CPU
		{A72F86B2-49D9-4716-9CB8-6BA6B33F9503}.Release|Any CPU.ActiveCfg = Release|Any CPU
		{A72F86B2-49D9-4716-9CB8-6BA6B33F9503}.Release|Any CPU.Build.0 = Release|Any CPU
		{3FC042E5-AFE2-40A4-B75A-B5791BC7AAF9}.Debug|Any CPU.ActiveCfg = Debug
		{3FC042E5-AFE2-40A4-B75A-B5791BC7AAF9}.Release|Any CPU.ActiveCfg = Release
	EndGlobalSection
	GlobalSection(SolutionProperties) = preSolution
		HideSolutionNode = FALSE
	EndGlobalSection
	GlobalSection(ExtensibilityGlobals) = postSolution
		SolutionGuid = {E9EA8154-3141-4CAF-9515-B397F20CE14A}
	EndGlobalSection
EndGlobal
